
Microsoft Visual Studio Solution File, Format Version 12.00
# Visual Studio 14
VisualStudioVersion = 14.0.24720.0
MinimumVisualStudioVersion = 10.0.40219.1
Project("{FAE04EC0-301F-11D3-BF4B-00C04F79EFBC}") = "CSharpExcelEditor", "CSharpExcelEditor\CSharpExcelEditor.csproj", "{F64BE882-BC65-4B09-8F4D-EC209AF3147D}"
EndProject
Global
	GlobalSection(SolutionConfigurationPlatforms) = preSolution
		Debug|Any CPU = Debug|Any CPU
		Release|Any CPU = Release|Any CPU
	EndGlobalSection
	GlobalSection(ProjectConfigurationPlatforms) = postSolution
		{F64BE882-BC65-4B09-8F4D-EC209AF3147D}.Debug|Any CPU.ActiveCfg = Debug|Any CPU
		{F64BE882-BC65-4B09-8F4D-EC209AF3147D}.Debug|Any CPU.Build.0 = Debug|Any CPU
		{F64BE882-BC65-4B09-8F4D-EC209AF3147D}.Release|Any CPU.ActiveCfg = Release|Any CPU
		{F64BE882-BC65-4B09-8F4D-EC209AF3147D}.Release|Any CPU.Build.0 = Release|Any CPU
	EndGlobalSection
	GlobalSection(SolutionProperties) = preSolution
		HideSolutionNode = FALSE
	EndGlobalSection
EndGlobal
